<?xml version="1.0" encoding="utf-8"?>
<Project ToolsVersion="4.0" xmlns="http://schemas.microsoft.com/developer/msbuild/2003">
  <ItemGroup>
    <Filter Include="Core">
      <UniqueIdentifier>{93995380-89BD-4b04-88EB-625FBE52EBFB}</UniqueIdentifier>
      <Extensions>h;hh;hpp;hxx;hm;inl;inc;xsd</Extensions>
    </Filter>
  </ItemGroup>
  <ItemGroup>
    <ClCompile Include="Repo.cpp">
      <Filter>Core</Filter>
    </ClCompile>
    <ClCompile Include="Entry.cpp">
      <Filter>Core</Filter>
    </ClCompile>
    <ClCompile Include="Environment.cpp">
      <Filter>Core</Filter>
    </ClCompile>
    <ClCompile Include="Base Pipeline.cpp">
      <Filter>Core</Filter>
    </ClCompile>
  </ItemGroup>
  <ItemGroup>
    <ClInclude Include="Repo.h">
      <Filter>Core</Filter>
    </ClInclude>
    <ClInclude Include="Environment.h">
      <Filter>Core</Filter>
    </ClInclude>
    <ClInclude Include="Base Pipeline.h">
      <Filter>Core</Filter>
    </ClInclude>
    <ClInclude Include="Interface Pipeline.h">
      <Filter>Core</Filter>
    </ClInclude>
  </ItemGroup>
</Project>